
Microsoft Visual Studio Solution File, Format Version 12.00
# Visual Studio Version 17
VisualStudioVersion = 17.2.32616.157
MinimumVisualStudioVersion = 10.0.40219.1
Project("{9A19103F-16F7-4668-BE54-9A1E7A4F7556}") = "Collections8438", "Collections8438\Collections8438.csproj", "{80ADCD5B-EC26-4C20-8A65-EF337C7110A6}"
EndProject
Project("{FAE04EC0-301F-11D3-BF4B-00C04F79EFBC}") = "CollectionMethods", "CollectionMethods\CollectionMethods.csproj", "{6F961165-46C3-407E-86BF-4793FA82EE60}"
EndProject
Project("{FAE04EC0-301F-11D3-BF4B-00C04F79EFBC}") = "Dictionary", "Dictionary\Dictionary.csproj", "{F36FA9C1-F733-4B14-B182-C93B5276F802}"
EndProject
Project("{FAE04EC0-301F-11D3-BF4B-00C04F79EFBC}") = "CollectionsDemo", "CollectionsDemo\CollectionsDemo.csproj", "{1B107F5E-AC64-4850-A8E4-41477AB49DB7}"
EndProject
Global
	GlobalSection(SolutionConfigurationPlatforms) = preSolution
		Debug|Any CPU = Debug|Any CPU
		Release|Any CPU = Release|Any CPU
	EndGlobalSection
	GlobalSection(ProjectConfigurationPlatforms) = postSolution
		{80ADCD5B-EC26-4C20-8A65-EF337C7110A6}.Debug|Any CPU.ActiveCfg = Debug|Any CPU
		{80ADCD5B-EC26-4C20-8A65-EF337C7110A6}.Debug|Any CPU.Build.0 = Debug|Any CPU
		{80ADCD5B-EC26-4C20-8A65-EF337C7110A6}.Release|Any CPU.ActiveCfg = Release|Any CPU
		{80ADCD5B-EC26-4C20-8A65-EF337C7110A6}.Release|Any CPU.Build.0 = Release|Any CPU
		{6F961165-46C3-407E-86BF-4793FA82EE60}.Debug|Any CPU.ActiveCfg = Debug|Any CPU
		{6F961165-46C3-407E-86BF-4793FA82EE60}.Debug|Any CPU.Build.0 = Debug|Any CPU
		{6F961165-46C3-407E-86BF-4793FA82EE60}.Release|Any CPU.ActiveCfg = Release|Any CPU
		{6F961165-46C3-407E-86BF-4793FA82EE60}.Release|Any CPU.Build.0 = Release|Any CPU
		{F36FA9C1-F733-4B14-B182-C93B5276F802}.Debug|Any CPU.ActiveCfg = Debug|Any CPU
		{F36FA9C1-F733-4B14-B182-C93B5276F802}.Debug|Any CPU.Build.0 = Debug|Any CPU
		{F36FA9C1-F733-4B14-B182-C93B5276F802}.Release|Any CPU.ActiveCfg = Release|Any CPU
		{F36FA9C1-F733-4B14-B182-C93B5276F802}.Release|Any CPU.Build.0 = Release|Any CPU
		{1B107F5E-AC64-4850-A8E4-41477AB49DB7}.Debug|Any CPU.ActiveCfg = Debug|Any CPU
		{1B107F5E-AC64-4850-A8E4-41477AB49DB7}.Debug|Any CPU.Build.0 = Debug|Any CPU
		{1B107F5E-AC64-4850-A8E4-41477AB49DB7}.Release|Any CPU.ActiveCfg = Release|Any CPU
		{1B107F5E-AC64-4850-A8E4-41477AB49DB7}.Release|Any CPU.Build.0 = Release|Any CPU
	EndGlobalSection
	GlobalSection(SolutionProperties) = preSolution
		HideSolutionNode = FALSE
	EndGlobalSection
	GlobalSection(ExtensibilityGlobals) = postSolution
		SolutionGuid = {B7C66E4F-4259-40C0-926F-9F9B0BFB7EF4}
	EndGlobalSection
EndGlobal
